// !$*UTF8*$!
{
	archiveVersion = 1;
	classes = {
	};
	objectVersion = 50;
	objects = {

/* Begin PBXBuildFile section */
		32946A24214EA79E00195CF3 /* HouseWebViewController.swift in Sources */ = {isa = PBXBuildFile; fileRef = 32946A22214EA79E00195CF3 /* HouseWebViewController.swift */; };
		32946A2B21503D1800195CF3 /* HouseDetailViewController.xib in Resources */ = {isa = PBXBuildFile; fileRef = 32946A2A21503D1800195CF3 /* HouseDetailViewController.xib */; };
		32946A2D215059D000195CF3 /* HouseListViewController.swift in Sources */ = {isa = PBXBuildFile; fileRef = 32946A2C215059D000195CF3 /* HouseListViewController.swift */; };
		32946A3021518A0C00195CF3 /* MemberListViewController.swift in Sources */ = {isa = PBXBuildFile; fileRef = 32946A2E21518A0C00195CF3 /* MemberListViewController.swift */; };
		32946A3121518A0C00195CF3 /* MemberListViewController.xib in Resources */ = {isa = PBXBuildFile; fileRef = 32946A2F21518A0C00195CF3 /* MemberListViewController.xib */; };
		32946A332151A86D00195CF3 /* Constants.swift in Sources */ = {isa = PBXBuildFile; fileRef = 32946A322151A86D00195CF3 /* Constants.swift */; };
		32946A352152DACC00195CF3 /* Notification+Name.swift in Sources */ = {isa = PBXBuildFile; fileRef = 32946A342152DACC00195CF3 /* Notification+Name.swift */; };
		32946A492154073600195CF3 /* SeasonTests.swift in Sources */ = {isa = PBXBuildFile; fileRef = 32946A482154073600195CF3 /* SeasonTests.swift */; };
		32946A4B2154078D00195CF3 /* Season.swift in Sources */ = {isa = PBXBuildFile; fileRef = 32946A4A2154078D00195CF3 /* Season.swift */; };
		32946A4D21540B2A00195CF3 /* Episode.swift in Sources */ = {isa = PBXBuildFile; fileRef = 32946A4C21540B2A00195CF3 /* Episode.swift */; };
		32946A4F2154329900195CF3 /* EpisodeTests.swift in Sources */ = {isa = PBXBuildFile; fileRef = 32946A4E2154329900195CF3 /* EpisodeTests.swift */; };
		32946A51215690FD00195CF3 /* SeasonListViewController.swift in Sources */ = {isa = PBXBuildFile; fileRef = 32946A50215690FD00195CF3 /* SeasonListViewController.swift */; };
		32946A542156944900195CF3 /* SeasonDetailViewController.swift in Sources */ = {isa = PBXBuildFile; fileRef = 32946A522156944900195CF3 /* SeasonDetailViewController.swift */; };
		32946A552156944900195CF3 /* SeasonDetailViewController.xib in Resources */ = {isa = PBXBuildFile; fileRef = 32946A532156944900195CF3 /* SeasonDetailViewController.xib */; };
		32946A5721569A7A00195CF3 /* EpisodeListViewController.swift in Sources */ = {isa = PBXBuildFile; fileRef = 32946A5621569A7A00195CF3 /* EpisodeListViewController.swift */; };
		32946A5A21569F4600195CF3 /* EpisodeDetailViewController.swift in Sources */ = {isa = PBXBuildFile; fileRef = 32946A5821569F4600195CF3 /* EpisodeDetailViewController.swift */; };
		32946A5B21569F4600195CF3 /* EpisodeDetailViewController.xib in Resources */ = {isa = PBXBuildFile; fileRef = 32946A5921569F4600195CF3 /* EpisodeDetailViewController.xib */; };
		32946A682156E9E500195CF3 /* MemberDetailViewController.swift in Sources */ = {isa = PBXBuildFile; fileRef = 32946A662156E9E500195CF3 /* MemberDetailViewController.swift */; };
		32946A692156E9E500195CF3 /* MemberDetailViewController.xib in Resources */ = {isa = PBXBuildFile; fileRef = 32946A672156E9E500195CF3 /* MemberDetailViewController.xib */; };
		32946A6D2157B76D00195CF3 /* house.png in Resources */ = {isa = PBXBuildFile; fileRef = 32946A6A2157B76C00195CF3 /* house.png */; };
		32946A6E2157B76D00195CF3 /* house@2x.png in Resources */ = {isa = PBXBuildFile; fileRef = 32946A6B2157B76D00195CF3 /* house@2x.png */; };
		32946A6F2157B76D00195CF3 /* house@3x.png in Resources */ = {isa = PBXBuildFile; fileRef = 32946A6C2157B76D00195CF3 /* house@3x.png */; };
		32946A732157B84300195CF3 /* season.png in Resources */ = {isa = PBXBuildFile; fileRef = 32946A702157B84200195CF3 /* season.png */; };
		32946A742157B84300195CF3 /* season@2x.png in Resources */ = {isa = PBXBuildFile; fileRef = 32946A712157B84200195CF3 /* season@2x.png */; };
		32946A752157B84300195CF3 /* season@3x.png in Resources */ = {isa = PBXBuildFile; fileRef = 32946A722157B84200195CF3 /* season@3x.png */; };
		32946A772157C0FD00195CF3 /* stark.jpg in Resources */ = {isa = PBXBuildFile; fileRef = 32946A762157C0FD00195CF3 /* stark.jpg */; };
		32946A7A2157C1B900195CF3 /* lannister.jpg in Resources */ = {isa = PBXBuildFile; fileRef = 32946A782157C1B900195CF3 /* lannister.jpg */; };
		32946A7B2157C1B900195CF3 /* targaryen.jpg in Resources */ = {isa = PBXBuildFile; fileRef = 32946A792157C1B900195CF3 /* targaryen.jpg */; };
		32946A7D2157C30400195CF3 /* got.png in Resources */ = {isa = PBXBuildFile; fileRef = 32946A7C2157C30400195CF3 /* got.png */; };
		32946A832157DC3E00195CF3 /* robb.jpg in Resources */ = {isa = PBXBuildFile; fileRef = 32946A812157DC3D00195CF3 /* robb.jpg */; };
		32946A842157DC3E00195CF3 /* arya.jpg in Resources */ = {isa = PBXBuildFile; fileRef = 32946A822157DC3E00195CF3 /* arya.jpg */; };
		32946A8A2157DE0200195CF3 /* ned.jpg in Resources */ = {isa = PBXBuildFile; fileRef = 32946A852157DE0100195CF3 /* ned.jpg */; };
		32946A8B2157DE0200195CF3 /* jaime.jpg in Resources */ = {isa = PBXBuildFile; fileRef = 32946A862157DE0100195CF3 /* jaime.jpg */; };
		32946A8C2157DE0200195CF3 /* cersei.jpg in Resources */ = {isa = PBXBuildFile; fileRef = 32946A872157DE0200195CF3 /* cersei.jpg */; };
		32946A8D2157DE0200195CF3 /* tyrion.jpg in Resources */ = {isa = PBXBuildFile; fileRef = 32946A882157DE0200195CF3 /* tyrion.jpg */; };
		32946A8E2157DE0200195CF3 /* daenerys.jpg in Resources */ = {isa = PBXBuildFile; fileRef = 32946A892157DE0200195CF3 /* daenerys.jpg */; };
		32946AAE21581FDC00195CF3 /* Contents.json in Resources */ = {isa = PBXBuildFile; fileRef = 32946A9621581FDC00195CF3 /* Contents.json */; };
		32946AAF21581FDC00195CF3 /* Icon-App-20x20@1x.png in Resources */ = {isa = PBXBuildFile; fileRef = 32946A9721581FDC00195CF3 /* Icon-App-20x20@1x.png */; };
		32946AB021581FDC00195CF3 /* Icon-App-20x20@2x.png in Resources */ = {isa = PBXBuildFile; fileRef = 32946A9821581FDC00195CF3 /* Icon-App-20x20@2x.png */; };
		32946AB121581FDC00195CF3 /* Icon-App-20x20@3x.png in Resources */ = {isa = PBXBuildFile; fileRef = 32946A9921581FDC00195CF3 /* Icon-App-20x20@3x.png */; };
		32946AB221581FDC00195CF3 /* Icon-App-29x29@1x.png in Resources */ = {isa = PBXBuildFile; fileRef = 32946A9A21581FDC00195CF3 /* Icon-App-29x29@1x.png */; };
		32946AB321581FDC00195CF3 /* Icon-App-29x29@2x.png in Resources */ = {isa = PBXBuildFile; fileRef = 32946A9B21581FDC00195CF3 /* Icon-App-29x29@2x.png */; };
		32946AB421581FDC00195CF3 /* Icon-App-29x29@3x.png in Resources */ = {isa = PBXBuildFile; fileRef = 32946A9C21581FDC00195CF3 /* Icon-App-29x29@3x.png */; };
		32946AB521581FDC00195CF3 /* Icon-App-40x40@1x.png in Resources */ = {isa = PBXBuildFile; fileRef = 32946A9D21581FDC00195CF3 /* Icon-App-40x40@1x.png */; };
		32946AB621581FDC00195CF3 /* Icon-App-40x40@2x.png in Resources */ = {isa = PBXBuildFile; fileRef = 32946A9E21581FDC00195CF3 /* Icon-App-40x40@2x.png */; };
		32946AB721581FDC00195CF3 /* Icon-App-40x40@3x.png in Resources */ = {isa = PBXBuildFile; fileRef = 32946A9F21581FDC00195CF3 /* Icon-App-40x40@3x.png */; };
		32946AB821581FDC00195CF3 /* Icon-App-57x57@1x.png in Resources */ = {isa = PBXBuildFile; fileRef = 32946AA021581FDC00195CF3 /* Icon-App-57x57@1x.png */; };
		32946AB921581FDC00195CF3 /* Icon-App-57x57@2x.png in Resources */ = {isa = PBXBuildFile; fileRef = 32946AA121581FDC00195CF3 /* Icon-App-57x57@2x.png */; };
		32946ABA21581FDC00195CF3 /* Icon-App-60x60@1x.png in Resources */ = {isa = PBXBuildFile; fileRef = 32946AA221581FDC00195CF3 /* Icon-App-60x60@1x.png */; };
		32946ABB21581FDC00195CF3 /* Icon-App-60x60@2x.png in Resources */ = {isa = PBXBuildFile; fileRef = 32946AA321581FDC00195CF3 /* Icon-App-60x60@2x.png */; };
		32946ABC21581FDC00195CF3 /* Icon-App-60x60@3x.png in Resources */ = {isa = PBXBuildFile; fileRef = 32946AA421581FDC00195CF3 /* Icon-App-60x60@3x.png */; };
		32946ABD21581FDC00195CF3 /* Icon-App-72x72@1x.png in Resources */ = {isa = PBXBuildFile; fileRef = 32946AA521581FDC00195CF3 /* Icon-App-72x72@1x.png */; };
		32946ABE21581FDC00195CF3 /* Icon-App-72x72@2x.png in Resources */ = {isa = PBXBuildFile; fileRef = 32946AA621581FDC00195CF3 /* Icon-App-72x72@2x.png */; };
		32946ABF21581FDC00195CF3 /* Icon-App-76x76@1x.png in Resources */ = {isa = PBXBuildFile; fileRef = 32946AA721581FDC00195CF3 /* Icon-App-76x76@1x.png */; };
		32946AC021581FDC00195CF3 /* Icon-App-76x76@2x.png in Resources */ = {isa = PBXBuildFile; fileRef = 32946AA821581FDC00195CF3 /* Icon-App-76x76@2x.png */; };
		32946AC121581FDC00195CF3 /* Icon-App-76x76@3x.png in Resources */ = {isa = PBXBuildFile; fileRef = 32946AA921581FDC00195CF3 /* Icon-App-76x76@3x.png */; };
		32946AC221581FDC00195CF3 /* Icon-App-83.5x83.5@2x.png in Resources */ = {isa = PBXBuildFile; fileRef = 32946AAA21581FDC00195CF3 /* Icon-App-83.5x83.5@2x.png */; };
		32946AC321581FDC00195CF3 /* Icon-Small-50x50@1x.png in Resources */ = {isa = PBXBuildFile; fileRef = 32946AAB21581FDC00195CF3 /* Icon-Small-50x50@1x.png */; };
		32946AC421581FDC00195CF3 /* Icon-Small-50x50@2x.png in Resources */ = {isa = PBXBuildFile; fileRef = 32946AAC21581FDC00195CF3 /* Icon-Small-50x50@2x.png */; };
		32946AC521581FDC00195CF3 /* ItunesArtwork@2x.png in Resources */ = {isa = PBXBuildFile; fileRef = 32946AAD21581FDC00195CF3 /* ItunesArtwork@2x.png */; };
		329E5F4C2149A39E00BFED5B /* HouseDetailViewController.swift in Sources */ = {isa = PBXBuildFile; fileRef = 329E5F4A2149A39E00BFED5B /* HouseDetailViewController.swift */; };
		329E5F502149B9F200BFED5B /* UIViewController+Navigation.swift in Sources */ = {isa = PBXBuildFile; fileRef = 329E5F4F2149B9F200BFED5B /* UIViewController+Navigation.swift */; };
		329E5F522149BBF700BFED5B /* RepositoryTests.swift in Sources */ = {isa = PBXBuildFile; fileRef = 329E5F512149BBF700BFED5B /* RepositoryTests.swift */; };
		329E5F552149BCC400BFED5B /* Repository.swift in Sources */ = {isa = PBXBuildFile; fileRef = 329E5F542149BCC400BFED5B /* Repository.swift */; };
		32BE0BD22141B37500A9B501 /* AppDelegate.swift in Sources */ = {isa = PBXBuildFile; fileRef = 32BE0BD12141B37500A9B501 /* AppDelegate.swift */; };
		32BE0BD92141B37C00A9B501 /* Assets.xcassets in Resources */ = {isa = PBXBuildFile; fileRef = 32BE0BD82141B37C00A9B501 /* Assets.xcassets */; };
		32BE0BDC2141B37C00A9B501 /* LaunchScreen.storyboard in Resources */ = {isa = PBXBuildFile; fileRef = 32BE0BDA2141B37C00A9B501 /* LaunchScreen.storyboard */; };
		32BE0BF22141BBE300A9B501 /* HouseTests.swift in Sources */ = {isa = PBXBuildFile; fileRef = 32BE0BF12141BBE300A9B501 /* HouseTests.swift */; };
		32BE0BF52141BD9400A9B501 /* House.swift in Sources */ = {isa = PBXBuildFile; fileRef = 32BE0BF42141BD9400A9B501 /* House.swift */; };
		32BE0BF72141C21900A9B501 /* Sigil.swift in Sources */ = {isa = PBXBuildFile; fileRef = 32BE0BF62141C21900A9B501 /* Sigil.swift */; };
		32BE0BF92141C8BF00A9B501 /* PersonTests.swift in Sources */ = {isa = PBXBuildFile; fileRef = 32BE0BF82141C8BF00A9B501 /* PersonTests.swift */; };
		32BE0BFB2141C91500A9B501 /* Person.swift in Sources */ = {isa = PBXBuildFile; fileRef = 32BE0BFA2141C91500A9B501 /* Person.swift */; };
/* End PBXBuildFile section */

/* Begin PBXContainerItemProxy section */
		32BE0BE32141B37C00A9B501 /* PBXContainerItemProxy */ = {
			isa = PBXContainerItemProxy;
			containerPortal = 32BE0BC62141B37400A9B501 /* Project object */;
			proxyType = 1;
			remoteGlobalIDString = 32BE0BCD2141B37500A9B501;
			remoteInfo = Westeros;
		};
/* End PBXContainerItemProxy section */

/* Begin PBXFileReference section */
		32946A22214EA79E00195CF3 /* HouseWebViewController.swift */ = {isa = PBXFileReference; lastKnownFileType = sourcecode.swift; path = HouseWebViewController.swift; sourceTree = "<group>"; };
		32946A2A21503D1800195CF3 /* HouseDetailViewController.xib */ = {isa = PBXFileReference; fileEncoding = 4; lastKnownFileType = file.xib; path = HouseDetailViewController.xib; sourceTree = "<group>"; };
		32946A2C215059D000195CF3 /* HouseListViewController.swift */ = {isa = PBXFileReference; lastKnownFileType = sourcecode.swift; path = HouseListViewController.swift; sourceTree = "<group>"; };
		32946A2E21518A0C00195CF3 /* MemberListViewController.swift */ = {isa = PBXFileReference; lastKnownFileType = sourcecode.swift; path = MemberListViewController.swift; sourceTree = "<group>"; };
		32946A2F21518A0C00195CF3 /* MemberListViewController.xib */ = {isa = PBXFileReference; lastKnownFileType = file.xib; path = MemberListViewController.xib; sourceTree = "<group>"; };
		32946A322151A86D00195CF3 /* Constants.swift */ = {isa = PBXFileReference; lastKnownFileType = sourcecode.swift; path = Constants.swift; sourceTree = "<group>"; };
		32946A342152DACC00195CF3 /* Notification+Name.swift */ = {isa = PBXFileReference; lastKnownFileType = sourcecode.swift; path = "Notification+Name.swift"; sourceTree = "<group>"; };
		32946A482154073600195CF3 /* SeasonTests.swift */ = {isa = PBXFileReference; lastKnownFileType = sourcecode.swift; path = SeasonTests.swift; sourceTree = "<group>"; };
		32946A4A2154078D00195CF3 /* Season.swift */ = {isa = PBXFileReference; lastKnownFileType = sourcecode.swift; path = Season.swift; sourceTree = "<group>"; };
		32946A4C21540B2A00195CF3 /* Episode.swift */ = {isa = PBXFileReference; lastKnownFileType = sourcecode.swift; path = Episode.swift; sourceTree = "<group>"; };
		32946A4E2154329900195CF3 /* EpisodeTests.swift */ = {isa = PBXFileReference; lastKnownFileType = sourcecode.swift; path = EpisodeTests.swift; sourceTree = "<group>"; };
		32946A50215690FD00195CF3 /* SeasonListViewController.swift */ = {isa = PBXFileReference; lastKnownFileType = sourcecode.swift; path = SeasonListViewController.swift; sourceTree = "<group>"; };
		32946A522156944900195CF3 /* SeasonDetailViewController.swift */ = {isa = PBXFileReference; lastKnownFileType = sourcecode.swift; path = SeasonDetailViewController.swift; sourceTree = "<group>"; };
		32946A532156944900195CF3 /* SeasonDetailViewController.xib */ = {isa = PBXFileReference; lastKnownFileType = file.xib; path = SeasonDetailViewController.xib; sourceTree = "<group>"; };
		32946A5621569A7A00195CF3 /* EpisodeListViewController.swift */ = {isa = PBXFileReference; lastKnownFileType = sourcecode.swift; path = EpisodeListViewController.swift; sourceTree = "<group>"; };
		32946A5821569F4600195CF3 /* EpisodeDetailViewController.swift */ = {isa = PBXFileReference; lastKnownFileType = sourcecode.swift; path = EpisodeDetailViewController.swift; sourceTree = "<group>"; };
		32946A5921569F4600195CF3 /* EpisodeDetailViewController.xib */ = {isa = PBXFileReference; lastKnownFileType = file.xib; path = EpisodeDetailViewController.xib; sourceTree = "<group>"; };
		32946A662156E9E500195CF3 /* MemberDetailViewController.swift */ = {isa = PBXFileReference; lastKnownFileType = sourcecode.swift; path = MemberDetailViewController.swift; sourceTree = "<group>"; };
		32946A672156E9E500195CF3 /* MemberDetailViewController.xib */ = {isa = PBXFileReference; lastKnownFileType = file.xib; path = MemberDetailViewController.xib; sourceTree = "<group>"; };
		32946A6A2157B76C00195CF3 /* house.png */ = {isa = PBXFileReference; lastKnownFileType = image.png; path = house.png; sourceTree = "<group>"; };
		32946A6B2157B76D00195CF3 /* house@2x.png */ = {isa = PBXFileReference; lastKnownFileType = image.png; path = "house@2x.png"; sourceTree = "<group>"; };
		32946A6C2157B76D00195CF3 /* house@3x.png */ = {isa = PBXFileReference; lastKnownFileType = image.png; path = "house@3x.png"; sourceTree = "<group>"; };
		32946A702157B84200195CF3 /* season.png */ = {isa = PBXFileReference; lastKnownFileType = image.png; path = season.png; sourceTree = "<group>"; };
		32946A712157B84200195CF3 /* season@2x.png */ = {isa = PBXFileReference; lastKnownFileType = image.png; path = "season@2x.png"; sourceTree = "<group>"; };
		32946A722157B84200195CF3 /* season@3x.png */ = {isa = PBXFileReference; lastKnownFileType = image.png; path = "season@3x.png"; sourceTree = "<group>"; };
		32946A762157C0FD00195CF3 /* stark.jpg */ = {isa = PBXFileReference; lastKnownFileType = image.jpeg; path = stark.jpg; sourceTree = "<group>"; };
		32946A782157C1B900195CF3 /* lannister.jpg */ = {isa = PBXFileReference; lastKnownFileType = image.jpeg; path = lannister.jpg; sourceTree = "<group>"; };
		32946A792157C1B900195CF3 /* targaryen.jpg */ = {isa = PBXFileReference; lastKnownFileType = image.jpeg; path = targaryen.jpg; sourceTree = "<group>"; };
		32946A7C2157C30400195CF3 /* got.png */ = {isa = PBXFileReference; lastKnownFileType = image.png; path = got.png; sourceTree = "<group>"; };
		32946A812157DC3D00195CF3 /* robb.jpg */ = {isa = PBXFileReference; lastKnownFileType = image.jpeg; path = robb.jpg; sourceTree = "<group>"; };
		32946A822157DC3E00195CF3 /* arya.jpg */ = {isa = PBXFileReference; lastKnownFileType = image.jpeg; path = arya.jpg; sourceTree = "<group>"; };
		32946A852157DE0100195CF3 /* ned.jpg */ = {isa = PBXFileReference; lastKnownFileType = image.jpeg; path = ned.jpg; sourceTree = "<group>"; };
		32946A862157DE0100195CF3 /* jaime.jpg */ = {isa = PBXFileReference; lastKnownFileType = image.jpeg; path = jaime.jpg; sourceTree = "<group>"; };
		32946A872157DE0200195CF3 /* cersei.jpg */ = {isa = PBXFileReference; lastKnownFileType = image.jpeg; path = cersei.jpg; sourceTree = "<group>"; };
		32946A882157DE0200195CF3 /* tyrion.jpg */ = {isa = PBXFileReference; lastKnownFileType = image.jpeg; path = tyrion.jpg; sourceTree = "<group>"; };
		32946A892157DE0200195CF3 /* daenerys.jpg */ = {isa = PBXFileReference; lastKnownFileType = image.jpeg; path = daenerys.jpg; sourceTree = "<group>"; };
		32946A9621581FDC00195CF3 /* Contents.json */ = {isa = PBXFileReference; fileEncoding = 4; lastKnownFileType = text.json; path = Contents.json; sourceTree = "<group>"; };
		32946A9721581FDC00195CF3 /* Icon-App-20x20@1x.png */ = {isa = PBXFileReference; lastKnownFileType = image.png; path = "Icon-App-20x20@1x.png"; sourceTree = "<group>"; };
		32946A9821581FDC00195CF3 /* Icon-App-20x20@2x.png */ = {isa = PBXFileReference; lastKnownFileType = image.png; path = "Icon-App-20x20@2x.png"; sourceTree = "<group>"; };
		32946A9921581FDC00195CF3 /* Icon-App-20x20@3x.png */ = {isa = PBXFileReference; lastKnownFileType = image.png; path = "Icon-App-20x20@3x.png"; sourceTree = "<group>"; };
		32946A9A21581FDC00195CF3 /* Icon-App-29x29@1x.png */ = {isa = PBXFileReference; lastKnownFileType = image.png; path = "Icon-App-29x29@1x.png"; sourceTree = "<group>"; };
		32946A9B21581FDC00195CF3 /* Icon-App-29x29@2x.png */ = {isa = PBXFileReference; lastKnownFileType = image.png; path = "Icon-App-29x29@2x.png"; sourceTree = "<group>"; };
		32946A9C21581FDC00195CF3 /* Icon-App-29x29@3x.png */ = {isa = PBXFileReference; lastKnownFileType = image.png; path = "Icon-App-29x29@3x.png"; sourceTree = "<group>"; };
		32946A9D21581FDC00195CF3 /* Icon-App-40x40@1x.png */ = {isa = PBXFileReference; lastKnownFileType = image.png; path = "Icon-App-40x40@1x.png"; sourceTree = "<group>"; };
		32946A9E21581FDC00195CF3 /* Icon-App-40x40@2x.png */ = {isa = PBXFileReference; lastKnownFileType = image.png; path = "Icon-App-40x40@2x.png"; sourceTree = "<group>"; };
		32946A9F21581FDC00195CF3 /* Icon-App-40x40@3x.png */ = {isa = PBXFileReference; lastKnownFileType = image.png; path = "Icon-App-40x40@3x.png"; sourceTree = "<group>"; };
		32946AA021581FDC00195CF3 /* Icon-App-57x57@1x.png */ = {isa = PBXFileReference; lastKnownFileType = image.png; path = "Icon-App-57x57@1x.png"; sourceTree = "<group>"; };
		32946AA121581FDC00195CF3 /* Icon-App-57x57@2x.png */ = {isa = PBXFileReference; lastKnownFileType = image.png; path = "Icon-App-57x57@2x.png"; sourceTree = "<group>"; };
		32946AA221581FDC00195CF3 /* Icon-App-60x60@1x.png */ = {isa = PBXFileReference; lastKnownFileType = image.png; path = "Icon-App-60x60@1x.png"; sourceTree = "<group>"; };
		32946AA321581FDC00195CF3 /* Icon-App-60x60@2x.png */ = {isa = PBXFileReference; lastKnownFileType = image.png; path = "Icon-App-60x60@2x.png"; sourceTree = "<group>"; };
		32946AA421581FDC00195CF3 /* Icon-App-60x60@3x.png */ = {isa = PBXFileReference; lastKnownFileType = image.png; path = "Icon-App-60x60@3x.png"; sourceTree = "<group>"; };
		32946AA521581FDC00195CF3 /* Icon-App-72x72@1x.png */ = {isa = PBXFileReference; lastKnownFileType = image.png; path = "Icon-App-72x72@1x.png"; sourceTree = "<group>"; };
		32946AA621581FDC00195CF3 /* Icon-App-72x72@2x.png */ = {isa = PBXFileReference; lastKnownFileType = image.png; path = "Icon-App-72x72@2x.png"; sourceTree = "<group>"; };
		32946AA721581FDC00195CF3 /* Icon-App-76x76@1x.png */ = {isa = PBXFileReference; lastKnownFileType = image.png; path = "Icon-App-76x76@1x.png"; sourceTree = "<group>"; };
		32946AA821581FDC00195CF3 /* Icon-App-76x76@2x.png */ = {isa = PBXFileReference; lastKnownFileType = image.png; path = "Icon-App-76x76@2x.png"; sourceTree = "<group>"; };
		32946AA921581FDC00195CF3 /* Icon-App-76x76@3x.png */ = {isa = PBXFileReference; lastKnownFileType = image.png; path = "Icon-App-76x76@3x.png"; sourceTree = "<group>"; };
		32946AAA21581FDC00195CF3 /* Icon-App-83.5x83.5@2x.png */ = {isa = PBXFileReference; lastKnownFileType = image.png; path = "Icon-App-83.5x83.5@2x.png"; sourceTree = "<group>"; };
		32946AAB21581FDC00195CF3 /* Icon-Small-50x50@1x.png */ = {isa = PBXFileReference; lastKnownFileType = image.png; path = "Icon-Small-50x50@1x.png"; sourceTree = "<group>"; };
		32946AAC21581FDC00195CF3 /* Icon-Small-50x50@2x.png */ = {isa = PBXFileReference; lastKnownFileType = image.png; path = "Icon-Small-50x50@2x.png"; sourceTree = "<group>"; };
		32946AAD21581FDC00195CF3 /* ItunesArtwork@2x.png */ = {isa = PBXFileReference; lastKnownFileType = image.png; path = "ItunesArtwork@2x.png"; sourceTree = "<group>"; };
		329E5F4A2149A39E00BFED5B /* HouseDetailViewController.swift */ = {isa = PBXFileReference; lastKnownFileType = sourcecode.swift; path = HouseDetailViewController.swift; sourceTree = "<group>"; };
		329E5F4F2149B9F200BFED5B /* UIViewController+Navigation.swift */ = {isa = PBXFileReference; lastKnownFileType = sourcecode.swift; path = "UIViewController+Navigation.swift"; sourceTree = "<group>"; };
		329E5F512149BBF700BFED5B /* RepositoryTests.swift */ = {isa = PBXFileReference; lastKnownFileType = sourcecode.swift; path = RepositoryTests.swift; sourceTree = "<group>"; };
		329E5F542149BCC400BFED5B /* Repository.swift */ = {isa = PBXFileReference; lastKnownFileType = sourcecode.swift; path = Repository.swift; sourceTree = "<group>"; };
		32BE0BCE2141B37500A9B501 /* Westeros.app */ = {isa = PBXFileReference; explicitFileType = wrapper.application; includeInIndex = 0; path = Westeros.app; sourceTree = BUILT_PRODUCTS_DIR; };
		32BE0BD12141B37500A9B501 /* AppDelegate.swift */ = {isa = PBXFileReference; lastKnownFileType = sourcecode.swift; path = AppDelegate.swift; sourceTree = "<group>"; };
		32BE0BD82141B37C00A9B501 /* Assets.xcassets */ = {isa = PBXFileReference; lastKnownFileType = folder.assetcatalog; path = Assets.xcassets; sourceTree = "<group>"; };
		32BE0BDB2141B37C00A9B501 /* Base */ = {isa = PBXFileReference; lastKnownFileType = file.storyboard; name = Base; path = Base.lproj/LaunchScreen.storyboard; sourceTree = "<group>"; };
		32BE0BDD2141B37C00A9B501 /* Info.plist */ = {isa = PBXFileReference; lastKnownFileType = text.plist.xml; path = Info.plist; sourceTree = "<group>"; };
		32BE0BE22141B37C00A9B501 /* WesterosTests.xctest */ = {isa = PBXFileReference; explicitFileType = wrapper.cfbundle; includeInIndex = 0; path = WesterosTests.xctest; sourceTree = BUILT_PRODUCTS_DIR; };
		32BE0BE82141B37C00A9B501 /* Info.plist */ = {isa = PBXFileReference; lastKnownFileType = text.plist.xml; path = Info.plist; sourceTree = "<group>"; };
		32BE0BF12141BBE300A9B501 /* HouseTests.swift */ = {isa = PBXFileReference; lastKnownFileType = sourcecode.swift; path = HouseTests.swift; sourceTree = "<group>"; };
		32BE0BF42141BD9400A9B501 /* House.swift */ = {isa = PBXFileReference; lastKnownFileType = sourcecode.swift; path = House.swift; sourceTree = "<group>"; };
		32BE0BF62141C21900A9B501 /* Sigil.swift */ = {isa = PBXFileReference; lastKnownFileType = sourcecode.swift; path = Sigil.swift; sourceTree = "<group>"; };
		32BE0BF82141C8BF00A9B501 /* PersonTests.swift */ = {isa = PBXFileReference; lastKnownFileType = sourcecode.swift; path = PersonTests.swift; sourceTree = "<group>"; };
		32BE0BFA2141C91500A9B501 /* Person.swift */ = {isa = PBXFileReference; lastKnownFileType = sourcecode.swift; path = Person.swift; sourceTree = "<group>"; };
/* End PBXFileReference section */

/* Begin PBXFrameworksBuildPhase section */
		32BE0BCB2141B37500A9B501 /* Frameworks */ = {
			isa = PBXFrameworksBuildPhase;
			buildActionMask = 2147483647;
			files = (
			);
			runOnlyForDeploymentPostprocessing = 0;
		};
		32BE0BDF2141B37C00A9B501 /* Frameworks */ = {
			isa = PBXFrameworksBuildPhase;
			buildActionMask = 2147483647;
			files = (
			);
			runOnlyForDeploymentPostprocessing = 0;
		};
/* End PBXFrameworksBuildPhase section */

/* Begin PBXGroup section */
		32946A9121581F1A00195CF3 /* Characters */ = {
			isa = PBXGroup;
			children = (
				32946A872157DE0200195CF3 /* cersei.jpg */,
				32946A892157DE0200195CF3 /* daenerys.jpg */,
				32946A862157DE0100195CF3 /* jaime.jpg */,
				32946A852157DE0100195CF3 /* ned.jpg */,
				32946A882157DE0200195CF3 /* tyrion.jpg */,
				32946A822157DC3E00195CF3 /* arya.jpg */,
				32946A812157DC3D00195CF3 /* robb.jpg */,
			);
			path = Characters;
			sourceTree = "<group>";
		};
		32946A9221581F2500195CF3 /* Icons */ = {
			isa = PBXGroup;
			children = (
				32946A7C2157C30400195CF3 /* got.png */,
				32946A702157B84200195CF3 /* season.png */,
				32946A712157B84200195CF3 /* season@2x.png */,
				32946A722157B84200195CF3 /* season@3x.png */,
				32946A6A2157B76C00195CF3 /* house.png */,
				32946A6B2157B76D00195CF3 /* house@2x.png */,
				32946A6C2157B76D00195CF3 /* house@3x.png */,
			);
			path = Icons;
			sourceTree = "<group>";
		};
		32946A9421581F4800195CF3 /* Sigils */ = {
			isa = PBXGroup;
			children = (
				32946A782157C1B900195CF3 /* lannister.jpg */,
				32946A792157C1B900195CF3 /* targaryen.jpg */,
				32946A762157C0FD00195CF3 /* stark.jpg */,
			);
			path = Sigils;
			sourceTree = "<group>";
		};
		32946A9521581FDC00195CF3 /* AppIcon.appiconset */ = {
			isa = PBXGroup;
			children = (
				32946A9621581FDC00195CF3 /* Contents.json */,
				32946A9721581FDC00195CF3 /* Icon-App-20x20@1x.png */,
				32946A9821581FDC00195CF3 /* Icon-App-20x20@2x.png */,
				32946A9921581FDC00195CF3 /* Icon-App-20x20@3x.png */,
				32946A9A21581FDC00195CF3 /* Icon-App-29x29@1x.png */,
				32946A9B21581FDC00195CF3 /* Icon-App-29x29@2x.png */,
				32946A9C21581FDC00195CF3 /* Icon-App-29x29@3x.png */,
				32946A9D21581FDC00195CF3 /* Icon-App-40x40@1x.png */,
				32946A9E21581FDC00195CF3 /* Icon-App-40x40@2x.png */,
				32946A9F21581FDC00195CF3 /* Icon-App-40x40@3x.png */,
				32946AA021581FDC00195CF3 /* Icon-App-57x57@1x.png */,
				32946AA121581FDC00195CF3 /* Icon-App-57x57@2x.png */,
				32946AA221581FDC00195CF3 /* Icon-App-60x60@1x.png */,
				32946AA321581FDC00195CF3 /* Icon-App-60x60@2x.png */,
				32946AA421581FDC00195CF3 /* Icon-App-60x60@3x.png */,
				32946AA621581FDC00195CF3 /* Icon-App-72x72@2x.png */,
				32946AA521581FDC00195CF3 /* Icon-App-72x72@1x.png */,
				32946AA721581FDC00195CF3 /* Icon-App-76x76@1x.png */,
				32946AA821581FDC00195CF3 /* Icon-App-76x76@2x.png */,
				32946AA921581FDC00195CF3 /* Icon-App-76x76@3x.png */,
				32946AAA21581FDC00195CF3 /* Icon-App-83.5x83.5@2x.png */,
				32946AAB21581FDC00195CF3 /* Icon-Small-50x50@1x.png */,
				32946AAC21581FDC00195CF3 /* Icon-Small-50x50@2x.png */,
				32946AAD21581FDC00195CF3 /* ItunesArtwork@2x.png */,
			);
			path = AppIcon.appiconset;
			sourceTree = "<group>";
		};
		329E5F442149A19600BFED5B /* Resources */ = {
			isa = PBXGroup;
			children = (
				32946A9421581F4800195CF3 /* Sigils */,
				32946A9221581F2500195CF3 /* Icons */,
				32946A9121581F1A00195CF3 /* Characters */,
			);
			path = Resources;
			sourceTree = "<group>";
		};
		329E5F452149A2FE00BFED5B /* Controllers */ = {
			isa = PBXGroup;
			children = (
				329E5F4A2149A39E00BFED5B /* HouseDetailViewController.swift */,
				32946A2A21503D1800195CF3 /* HouseDetailViewController.xib */,
				32946A22214EA79E00195CF3 /* HouseWebViewController.swift */,
				32946A2C215059D000195CF3 /* HouseListViewController.swift */,
				32946A2E21518A0C00195CF3 /* MemberListViewController.swift */,
				32946A2F21518A0C00195CF3 /* MemberListViewController.xib */,
				32946A50215690FD00195CF3 /* SeasonListViewController.swift */,
				32946A522156944900195CF3 /* SeasonDetailViewController.swift */,
				32946A532156944900195CF3 /* SeasonDetailViewController.xib */,
				32946A5621569A7A00195CF3 /* EpisodeListViewController.swift */,
				32946A5821569F4600195CF3 /* EpisodeDetailViewController.swift */,
				32946A5921569F4600195CF3 /* EpisodeDetailViewController.xib */,
				32946A662156E9E500195CF3 /* MemberDetailViewController.swift */,
				32946A672156E9E500195CF3 /* MemberDetailViewController.xib */,
			);
			path = Controllers;
			sourceTree = "<group>";
		};
		329E5F4E2149B9A400BFED5B /* Additions */ = {
			isa = PBXGroup;
			children = (
				329E5F4F2149B9F200BFED5B /* UIViewController+Navigation.swift */,
				32946A342152DACC00195CF3 /* Notification+Name.swift */,
			);
			path = Additions;
			sourceTree = "<group>";
		};
		329E5F532149BCB600BFED5B /* Repositories */ = {
			isa = PBXGroup;
			children = (
				329E5F542149BCC400BFED5B /* Repository.swift */,
			);
			path = Repositories;
			sourceTree = "<group>";
		};
		32BE0BC52141B37400A9B501 = {
			isa = PBXGroup;
			children = (
				32BE0BD02141B37500A9B501 /* Westeros */,
				32BE0BE52141B37C00A9B501 /* WesterosTests */,
				32BE0BCF2141B37500A9B501 /* Products */,
			);
			sourceTree = "<group>";
		};
		32BE0BCF2141B37500A9B501 /* Products */ = {
			isa = PBXGroup;
			children = (
				32BE0BCE2141B37500A9B501 /* Westeros.app */,
				32BE0BE22141B37C00A9B501 /* WesterosTests.xctest */,
			);
			name = Products;
			sourceTree = "<group>";
		};
		32BE0BD02141B37500A9B501 /* Westeros */ = {
			isa = PBXGroup;
			children = (
				32946A9521581FDC00195CF3 /* AppIcon.appiconset */,
				329E5F4E2149B9A400BFED5B /* Additions */,
				329E5F452149A2FE00BFED5B /* Controllers */,
				329E5F442149A19600BFED5B /* Resources */,
				32BE0BF32141BD7300A9B501 /* Domain */,
				32BE0BD12141B37500A9B501 /* AppDelegate.swift */,
				32BE0BD82141B37C00A9B501 /* Assets.xcassets */,
				32BE0BDA2141B37C00A9B501 /* LaunchScreen.storyboard */,
				32BE0BDD2141B37C00A9B501 /* Info.plist */,
				32946A322151A86D00195CF3 /* Constants.swift */,
			);
			path = Westeros;
			sourceTree = "<group>";
		};
		32BE0BE52141B37C00A9B501 /* WesterosTests */ = {
			isa = PBXGroup;
			children = (
				32BE0BE82141B37C00A9B501 /* Info.plist */,
				32BE0BF12141BBE300A9B501 /* HouseTests.swift */,
				32BE0BF82141C8BF00A9B501 /* PersonTests.swift */,
				329E5F512149BBF700BFED5B /* RepositoryTests.swift */,
				32946A482154073600195CF3 /* SeasonTests.swift */,
				32946A4E2154329900195CF3 /* EpisodeTests.swift */,
			);
			path = WesterosTests;
			sourceTree = "<group>";
		};
		32BE0BF32141BD7300A9B501 /* Domain */ = {
			isa = PBXGroup;
			children = (
				329E5F532149BCB600BFED5B /* Repositories */,
				32BE0BF42141BD9400A9B501 /* House.swift */,
				32BE0BF62141C21900A9B501 /* Sigil.swift */,
				32BE0BFA2141C91500A9B501 /* Person.swift */,
				32946A4A2154078D00195CF3 /* Season.swift */,
				32946A4C21540B2A00195CF3 /* Episode.swift */,
			);
			path = Domain;
			sourceTree = "<group>";
		};
/* End PBXGroup section */

/* Begin PBXNativeTarget section */
		32BE0BCD2141B37500A9B501 /* Westeros */ = {
			isa = PBXNativeTarget;
			buildConfigurationList = 32BE0BEB2141B37C00A9B501 /* Build configuration list for PBXNativeTarget "Westeros" */;
			buildPhases = (
				32BE0BCA2141B37500A9B501 /* Sources */,
				32BE0BCB2141B37500A9B501 /* Frameworks */,
				32BE0BCC2141B37500A9B501 /* Resources */,
			);
			buildRules = (
			);
			dependencies = (
			);
			name = Westeros;
			productName = Westeros;
			productReference = 32BE0BCE2141B37500A9B501 /* Westeros.app */;
			productType = "com.apple.product-type.application";
		};
		32BE0BE12141B37C00A9B501 /* WesterosTests */ = {
			isa = PBXNativeTarget;
			buildConfigurationList = 32BE0BEE2141B37C00A9B501 /* Build configuration list for PBXNativeTarget "WesterosTests" */;
			buildPhases = (
				32BE0BDE2141B37C00A9B501 /* Sources */,
				32BE0BDF2141B37C00A9B501 /* Frameworks */,
				32BE0BE02141B37C00A9B501 /* Resources */,
			);
			buildRules = (
			);
			dependencies = (
				32BE0BE42141B37C00A9B501 /* PBXTargetDependency */,
			);
			name = WesterosTests;
			productName = WesterosTests;
			productReference = 32BE0BE22141B37C00A9B501 /* WesterosTests.xctest */;
			productType = "com.apple.product-type.bundle.unit-test";
		};
/* End PBXNativeTarget section */

/* Begin PBXProject section */
		32BE0BC62141B37400A9B501 /* Project object */ = {
			isa = PBXProject;
			attributes = {
				LastSwiftUpdateCheck = 1000;
				LastUpgradeCheck = 1000;
				ORGANIZATIONNAME = "Manuel Sagra de Diego";
				TargetAttributes = {
					32BE0BCD2141B37500A9B501 = {
						CreatedOnToolsVersion = 10.0;
					};
					32BE0BE12141B37C00A9B501 = {
						CreatedOnToolsVersion = 10.0;
						LastSwiftMigration = 1000;
						TestTargetID = 32BE0BCD2141B37500A9B501;
					};
				};
			};
			buildConfigurationList = 32BE0BC92141B37500A9B501 /* Build configuration list for PBXProject "Westeros" */;
			compatibilityVersion = "Xcode 9.3";
			developmentRegion = en;
			hasScannedForEncodings = 0;
			knownRegions = (
				en,
				Base,
			);
			mainGroup = 32BE0BC52141B37400A9B501;
			productRefGroup = 32BE0BCF2141B37500A9B501 /* Products */;
			projectDirPath = "";
			projectRoot = "";
			targets = (
				32BE0BCD2141B37500A9B501 /* Westeros */,
				32BE0BE12141B37C00A9B501 /* WesterosTests */,
			);
		};
/* End PBXProject section */

/* Begin PBXResourcesBuildPhase section */
		32BE0BCC2141B37500A9B501 /* Resources */ = {
			isa = PBXResourcesBuildPhase;
			buildActionMask = 2147483647;
			files = (
				32946A6D2157B76D00195CF3 /* house.png in Resources */,
				32946A692156E9E500195CF3 /* MemberDetailViewController.xib in Resources */,
				32946AB921581FDC00195CF3 /* Icon-App-57x57@2x.png in Resources */,
				32946A752157B84300195CF3 /* season@3x.png in Resources */,
				32946A732157B84300195CF3 /* season.png in Resources */,
				32946A832157DC3E00195CF3 /* robb.jpg in Resources */,
				32946ABC21581FDC00195CF3 /* Icon-App-60x60@3x.png in Resources */,
				32946ABD21581FDC00195CF3 /* Icon-App-72x72@1x.png in Resources */,
				32946AAE21581FDC00195CF3 /* Contents.json in Resources */,
				32946A552156944900195CF3 /* SeasonDetailViewController.xib in Resources */,
				32946ABB21581FDC00195CF3 /* Icon-App-60x60@2x.png in Resources */,
				32946A8B2157DE0200195CF3 /* jaime.jpg in Resources */,
				32946A2B21503D1800195CF3 /* HouseDetailViewController.xib in Resources */,
				32946A842157DC3E00195CF3 /* arya.jpg in Resources */,
				32BE0BDC2141B37C00A9B501 /* LaunchScreen.storyboard in Resources */,
				32946A8C2157DE0200195CF3 /* cersei.jpg in Resources */,
				32946A8A2157DE0200195CF3 /* ned.jpg in Resources */,
				32946AB721581FDC00195CF3 /* Icon-App-40x40@3x.png in Resources */,
				32946AAF21581FDC00195CF3 /* Icon-App-20x20@1x.png in Resources */,
				32946AC221581FDC00195CF3 /* Icon-App-83.5x83.5@2x.png in Resources */,
				32BE0BD92141B37C00A9B501 /* Assets.xcassets in Resources */,
				32946AB621581FDC00195CF3 /* Icon-App-40x40@2x.png in Resources */,
				32946AB221581FDC00195CF3 /* Icon-App-29x29@1x.png in Resources */,
				32946ABA21581FDC00195CF3 /* Icon-App-60x60@1x.png in Resources */,
				32946ABF21581FDC00195CF3 /* Icon-App-76x76@1x.png in Resources */,
				32946A742157B84300195CF3 /* season@2x.png in Resources */,
				32946A7B2157C1B900195CF3 /* targaryen.jpg in Resources */,
				32946AC421581FDC00195CF3 /* Icon-Small-50x50@2x.png in Resources */,
				32946A8D2157DE0200195CF3 /* tyrion.jpg in Resources */,
				32946A6E2157B76D00195CF3 /* house@2x.png in Resources */,
				32946AC321581FDC00195CF3 /* Icon-Small-50x50@1x.png in Resources */,
				32946ABE21581FDC00195CF3 /* Icon-App-72x72@2x.png in Resources */,
				32946AB321581FDC00195CF3 /* Icon-App-29x29@2x.png in Resources */,
				32946AB521581FDC00195CF3 /* Icon-App-40x40@1x.png in Resources */,
				32946A6F2157B76D00195CF3 /* house@3x.png in Resources */,
				32946AC521581FDC00195CF3 /* ItunesArtwork@2x.png in Resources */,
				32946A772157C0FD00195CF3 /* stark.jpg in Resources */,
				32946A7A2157C1B900195CF3 /* lannister.jpg in Resources */,
				32946AB821581FDC00195CF3 /* Icon-App-57x57@1x.png in Resources */,
				32946AB421581FDC00195CF3 /* Icon-App-29x29@3x.png in Resources */,
				32946A3121518A0C00195CF3 /* MemberListViewController.xib in Resources */,
				32946AC121581FDC00195CF3 /* Icon-App-76x76@3x.png in Resources */,
				32946AC021581FDC00195CF3 /* Icon-App-76x76@2x.png in Resources */,
				32946AB121581FDC00195CF3 /* Icon-App-20x20@3x.png in Resources */,
				32946AB021581FDC00195CF3 /* Icon-App-20x20@2x.png in Resources */,
				32946A5B21569F4600195CF3 /* EpisodeDetailViewController.xib in Resources */,
				32946A8E2157DE0200195CF3 /* daenerys.jpg in Resources */,
				32946A7D2157C30400195CF3 /* got.png in Resources */,
			);
			runOnlyForDeploymentPostprocessing = 0;
		};
		32BE0BE02141B37C00A9B501 /* Resources */ = {
			isa = PBXResourcesBuildPhase;
			buildActionMask = 2147483647;
			files = (
			);
			runOnlyForDeploymentPostprocessing = 0;
		};
/* End PBXResourcesBuildPhase section */

/* Begin PBXSourcesBuildPhase section */
		32BE0BCA2141B37500A9B501 /* Sources */ = {
			isa = PBXSourcesBuildPhase;
			buildActionMask = 2147483647;
			files = (
				32946A24214EA79E00195CF3 /* HouseWebViewController.swift in Sources */,
				32946A5721569A7A00195CF3 /* EpisodeListViewController.swift in Sources */,
				32946A332151A86D00195CF3 /* Constants.swift in Sources */,
				329E5F552149BCC400BFED5B /* Repository.swift in Sources */,
				329E5F502149B9F200BFED5B /* UIViewController+Navigation.swift in Sources */,
				32946A51215690FD00195CF3 /* SeasonListViewController.swift in Sources */,
				329E5F4C2149A39E00BFED5B /* HouseDetailViewController.swift in Sources */,
				32946A352152DACC00195CF3 /* Notification+Name.swift in Sources */,
				32946A3021518A0C00195CF3 /* MemberListViewController.swift in Sources */,
				32BE0BF72141C21900A9B501 /* Sigil.swift in Sources */,
				32946A4B2154078D00195CF3 /* Season.swift in Sources */,
				32946A4D21540B2A00195CF3 /* Episode.swift in Sources */,
				32BE0BF52141BD9400A9B501 /* House.swift in Sources */,
				32946A5A21569F4600195CF3 /* EpisodeDetailViewController.swift in Sources */,
				32946A542156944900195CF3 /* SeasonDetailViewController.swift in Sources */,
				32BE0BD22141B37500A9B501 /* AppDelegate.swift in Sources */,
				32BE0BFB2141C91500A9B501 /* Person.swift in Sources */,
				32946A682156E9E500195CF3 /* MemberDetailViewController.swift in Sources */,
				32946A2D215059D000195CF3 /* HouseListViewController.swift in Sources */,
			);
			runOnlyForDeploymentPostprocessing = 0;
		};
		32BE0BDE2141B37C00A9B501 /* Sources */ = {
			isa = PBXSourcesBuildPhase;
			buildActionMask = 2147483647;
			files = (
				32946A492154073600195CF3 /* SeasonTests.swift in Sources */,
				32BE0BF22141BBE300A9B501 /* HouseTests.swift in Sources */,
				32BE0BF92141C8BF00A9B501 /* PersonTests.swift in Sources */,
				32946A4F2154329900195CF3 /* EpisodeTests.swift in Sources */,
				329E5F522149BBF700BFED5B /* RepositoryTests.swift in Sources */,
			);
			runOnlyForDeploymentPostprocessing = 0;
		};
/* End PBXSourcesBuildPhase section */

/* Begin PBXTargetDependency section */
		32BE0BE42141B37C00A9B501 /* PBXTargetDependency */ = {
			isa = PBXTargetDependency;
			target = 32BE0BCD2141B37500A9B501 /* Westeros */;
			targetProxy = 32BE0BE32141B37C00A9B501 /* PBXContainerItemProxy */;
		};
/* End PBXTargetDependency section */

/* Begin PBXVariantGroup section */
		32BE0BDA2141B37C00A9B501 /* LaunchScreen.storyboard */ = {
			isa = PBXVariantGroup;
			children = (
				32BE0BDB2141B37C00A9B501 /* Base */,
			);
			name = LaunchScreen.storyboard;
			sourceTree = "<group>";
		};
/* End PBXVariantGroup section */

/* Begin XCBuildConfiguration section */
		32BE0BE92141B37C00A9B501 /* Debug */ = {
			isa = XCBuildConfiguration;
			buildSettings = {
				ALWAYS_SEARCH_USER_PATHS = NO;
				CLANG_ANALYZER_NONNULL = YES;
				CLANG_ANALYZER_NUMBER_OBJECT_CONVERSION = YES_AGGRESSIVE;
				CLANG_CXX_LANGUAGE_STANDARD = "gnu++14";
				CLANG_CXX_LIBRARY = "libc++";
				CLANG_ENABLE_MODULES = YES;
				CLANG_ENABLE_OBJC_ARC = YES;
				CLANG_ENABLE_OBJC_WEAK = YES;
				CLANG_WARN_BLOCK_CAPTURE_AUTORELEASING = YES;
				CLANG_WARN_BOOL_CONVERSION = YES;
				CLANG_WARN_COMMA = YES;
				CLANG_WARN_CONSTANT_CONVERSION = YES;
				CLANG_WARN_DEPRECATED_OBJC_IMPLEMENTATIONS = YES;
				CLANG_WARN_DIRECT_OBJC_ISA_USAGE = YES_ERROR;
				CLANG_WARN_DOCUMENTATION_COMMENTS = YES;
				CLANG_WARN_EMPTY_BODY = YES;
				CLANG_WARN_ENUM_CONVERSION = YES;
				CLANG_WARN_INFINITE_RECURSION = YES;
				CLANG_WARN_INT_CONVERSION = YES;
				CLANG_WARN_NON_LITERAL_NULL_CONVERSION = YES;
				CLANG_WARN_OBJC_IMPLICIT_RETAIN_SELF = YES;
				CLANG_WARN_OBJC_LITERAL_CONVERSION = YES;
				CLANG_WARN_OBJC_ROOT_CLASS = YES_ERROR;
				CLANG_WARN_RANGE_LOOP_ANALYSIS = YES;
				CLANG_WARN_STRICT_PROTOTYPES = YES;
				CLANG_WARN_SUSPICIOUS_MOVE = YES;
				CLANG_WARN_UNGUARDED_AVAILABILITY = YES_AGGRESSIVE;
				CLANG_WARN_UNREACHABLE_CODE = YES;
				CLANG_WARN__DUPLICATE_METHOD_MATCH = YES;
				CODE_SIGN_IDENTITY = "iPhone Developer";
				COPY_PHASE_STRIP = NO;
				DEBUG_INFORMATION_FORMAT = dwarf;
				ENABLE_STRICT_OBJC_MSGSEND = YES;
				ENABLE_TESTABILITY = YES;
				GCC_C_LANGUAGE_STANDARD = gnu11;
				GCC_DYNAMIC_NO_PIC = NO;
				GCC_NO_COMMON_BLOCKS = YES;
				GCC_OPTIMIZATION_LEVEL = 0;
				GCC_PREPROCESSOR_DEFINITIONS = (
					"DEBUG=1",
					"$(inherited)",
				);
				GCC_WARN_64_TO_32_BIT_CONVERSION = YES;
				GCC_WARN_ABOUT_RETURN_TYPE = YES_ERROR;
				GCC_WARN_UNDECLARED_SELECTOR = YES;
				GCC_WARN_UNINITIALIZED_AUTOS = YES_AGGRESSIVE;
				GCC_WARN_UNUSED_FUNCTION = YES;
				GCC_WARN_UNUSED_VARIABLE = YES;
				IPHONEOS_DEPLOYMENT_TARGET = 12.0;
				MTL_ENABLE_DEBUG_INFO = INCLUDE_SOURCE;
				MTL_FAST_MATH = YES;
				ONLY_ACTIVE_ARCH = YES;
				SDKROOT = iphoneos;
				SWIFT_ACTIVE_COMPILATION_CONDITIONS = DEBUG;
				SWIFT_OPTIMIZATION_LEVEL = "-Onone";
			};
			name = Debug;
		};
		32BE0BEA2141B37C00A9B501 /* Release */ = {
			isa = XCBuildConfiguration;
			buildSettings = {
				ALWAYS_SEARCH_USER_PATHS = NO;
				CLANG_ANALYZER_NONNULL = YES;
				CLANG_ANALYZER_NUMBER_OBJECT_CONVERSION = YES_AGGRESSIVE;
				CLANG_CXX_LANGUAGE_STANDARD = "gnu++14";
				CLANG_CXX_LIBRARY = "libc++";
				CLANG_ENABLE_MODULES = YES;
				CLANG_ENABLE_OBJC_ARC = YES;
				CLANG_ENABLE_OBJC_WEAK = YES;
				CLANG_WARN_BLOCK_CAPTURE_AUTORELEASING = YES;
				CLANG_WARN_BOOL_CONVERSION = YES;
				CLANG_WARN_COMMA = YES;
				CLANG_WARN_CONSTANT_CONVERSION = YES;
				CLANG_WARN_DEPRECATED_OBJC_IMPLEMENTATIONS = YES;
				CLANG_WARN_DIRECT_OBJC_ISA_USAGE = YES_ERROR;
				CLANG_WARN_DOCUMENTATION_COMMENTS = YES;
				CLANG_WARN_EMPTY_BODY = YES;
				CLANG_WARN_ENUM_CONVERSION = YES;
				CLANG_WARN_INFINITE_RECURSION = YES;
				CLANG_WARN_INT_CONVERSION = YES;
				CLANG_WARN_NON_LITERAL_NULL_CONVERSION = YES;
				CLANG_WARN_OBJC_IMPLICIT_RETAIN_SELF = YES;
				CLANG_WARN_OBJC_LITERAL_CONVERSION = YES;
				CLANG_WARN_OBJC_ROOT_CLASS = YES_ERROR;
				CLANG_WARN_RANGE_LOOP_ANALYSIS = YES;
				CLANG_WARN_STRICT_PROTOTYPES = YES;
				CLANG_WARN_SUSPICIOUS_MOVE = YES;
				CLANG_WARN_UNGUARDED_AVAILABILITY = YES_AGGRESSIVE;
				CLANG_WARN_UNREACHABLE_CODE = YES;
				CLANG_WARN__DUPLICATE_METHOD_MATCH = YES;
				CODE_SIGN_IDENTITY = "iPhone Developer";
				COPY_PHASE_STRIP = NO;
				DEBUG_INFORMATION_FORMAT = "dwarf-with-dsym";
				ENABLE_NS_ASSERTIONS = NO;
				ENABLE_STRICT_OBJC_MSGSEND = YES;
				GCC_C_LANGUAGE_STANDARD = gnu11;
				GCC_NO_COMMON_BLOCKS = YES;
				GCC_WARN_64_TO_32_BIT_CONVERSION = YES;
				GCC_WARN_ABOUT_RETURN_TYPE = YES_ERROR;
				GCC_WARN_UNDECLARED_SELECTOR = YES;
				GCC_WARN_UNINITIALIZED_AUTOS = YES_AGGRESSIVE;
				GCC_WARN_UNUSED_FUNCTION = YES;
				GCC_WARN_UNUSED_VARIABLE = YES;
				IPHONEOS_DEPLOYMENT_TARGET = 12.0;
				MTL_ENABLE_DEBUG_INFO = NO;
				MTL_FAST_MATH = YES;
				SDKROOT = iphoneos;
				SWIFT_COMPILATION_MODE = wholemodule;
				SWIFT_OPTIMIZATION_LEVEL = "-O";
				VALIDATE_PRODUCT = YES;
			};
			name = Release;
		};
		32BE0BEC2141B37C00A9B501 /* Debug */ = {
			isa = XCBuildConfiguration;
			buildSettings = {
				ASSETCATALOG_COMPILER_APPICON_NAME = AppIcon;
				CODE_SIGN_STYLE = Automatic;
				DEVELOPMENT_TEAM = 4Y6V6KA63B;
				INFOPLIST_FILE = Westeros/Info.plist;
				LD_RUNPATH_SEARCH_PATHS = (
					"$(inherited)",
					"@executable_path/Frameworks",
				);
				PRODUCT_BUNDLE_IDENTIFIER = com.manuelsagra.Westeros;
				PRODUCT_NAME = "$(TARGET_NAME)";
				SWIFT_VERSION = 4.2;
				TARGETED_DEVICE_FAMILY = "1,2";
			};
			name = Debug;
		};
		32BE0BED2141B37C00A9B501 /* Release */ = {
			isa = XCBuildConfiguration;
			buildSettings = {
				ASSETCATALOG_COMPILER_APPICON_NAME = AppIcon;
				CODE_SIGN_STYLE = Automatic;
				DEVELOPMENT_TEAM = 4Y6V6KA63B;
				INFOPLIST_FILE = Westeros/Info.plist;
				LD_RUNPATH_SEARCH_PATHS = (
					"$(inherited)",
					"@executable_path/Frameworks",
				);
				PRODUCT_BUNDLE_IDENTIFIER = com.manuelsagra.Westeros;
				PRODUCT_NAME = "$(TARGET_NAME)";
				SWIFT_VERSION = 4.2;
				TARGETED_DEVICE_FAMILY = "1,2";
			};
			name = Release;
		};
		32BE0BEF2141B37C00A9B501 /* Debug */ = {
			isa = XCBuildConfiguration;
			buildSettings = {
				ALWAYS_EMBED_SWIFT_STANDARD_LIBRARIES = YES;
				BUNDLE_LOADER = "$(TEST_HOST)";
				CLANG_ENABLE_MODULES = YES;
				CODE_SIGN_STYLE = Automatic;
				DEVELOPMENT_TEAM = 4Y6V6KA63B;
				INFOPLIST_FILE = WesterosTests/Info.plist;
				LD_RUNPATH_SEARCH_PATHS = (
					"$(inherited)",
					"@executable_path/Frameworks",
					"@loader_path/Frameworks",
				);
				PRODUCT_BUNDLE_IDENTIFIER = com.manuelsagra.WesterosTests;
				PRODUCT_NAME = "$(TARGET_NAME)";
				SWIFT_OPTIMIZATION_LEVEL = "-Onone";
				SWIFT_VERSION = 4.2;
				TARGETED_DEVICE_FAMILY = "1,2";
				TEST_HOST = "$(BUILT_PRODUCTS_DIR)/Westeros.app/Westeros";
			};
			name = Debug;
		};
		32BE0BF02141B37C00A9B501 /* Release */ = {
			isa = XCBuildConfiguration;
			buildSettings = {
				ALWAYS_EMBED_SWIFT_STANDARD_LIBRARIES = YES;
				BUNDLE_LOADER = "$(TEST_HOST)";
				CLANG_ENABLE_MODULES = YES;
				CODE_SIGN_STYLE = Automatic;
				DEVELOPMENT_TEAM = 4Y6V6KA63B;
				INFOPLIST_FILE = WesterosTests/Info.plist;
				LD_RUNPATH_SEARCH_PATHS = (
					"$(inherited)",
					"@executable_path/Frameworks",
					"@loader_path/Frameworks",
				);
				PRODUCT_BUNDLE_IDENTIFIER = com.manuelsagra.WesterosTests;
				PRODUCT_NAME = "$(TARGET_NAME)";
				SWIFT_VERSION = 4.2;
				TARGETED_DEVICE_FAMILY = "1,2";
				TEST_HOST = "$(BUILT_PRODUCTS_DIR)/Westeros.app/Westeros";
			};
			name = Release;
		};
/* End XCBuildConfiguration section */

/* Begin XCConfigurationList section */
		32BE0BC92141B37500A9B501 /* Build configuration list for PBXProject "Westeros" */ = {
			isa = XCConfigurationList;
			buildConfigurations = (
				32BE0BE92141B37C00A9B501 /* Debug */,
				32BE0BEA2141B37C00A9B501 /* Release */,
			);
			defaultConfigurationIsVisible = 0;
			defaultConfigurationName = Release;
		};
		32BE0BEB2141B37C00A9B501 /* Build configuration list for PBXNativeTarget "Westeros" */ = {
			isa = XCConfigurationList;
			buildConfigurations = (
				32BE0BEC2141B37C00A9B501 /* Debug */,
				32BE0BED2141B37C00A9B501 /* Release */,
			);
			defaultConfigurationIsVisible = 0;
			defaultConfigurationName = Release;
		};
		32BE0BEE2141B37C00A9B501 /* Build configuration list for PBXNativeTarget "WesterosTests" */ = {
			isa = XCConfigurationList;
			buildConfigurations = (
				32BE0BEF2141B37C00A9B501 /* Debug */,
				32BE0BF02141B37C00A9B501 /* Release */,
			);
			defaultConfigurationIsVisible = 0;
			defaultConfigurationName = Release;
		};
/* End XCConfigurationList section */
	};
	rootObject = 32BE0BC62141B37400A9B501 /* Project object */;
}
